
Microsoft Visual Studio Solution File, Format Version 12.00
# Visual Studio Version 17
VisualStudioVersion = 17.14.36212.18 d17.14
MinimumVisualStudioVersion = 10.0.40219.1
Project("{FAE04EC0-301F-11D3-BF4B-00C04F79EFBC}") = "UmbracoBlog", "UmbracoBlog.csproj", "{2D6E2979-F279-468C-9383-01737B02651B}"
EndProject
Global
	GlobalSection(SolutionConfigurationPlatforms) = preSolution
		Debug|Any CPU = Debug|Any CPU
		Release|Any CPU = Release|Any CPU
	EndGlobalSection
	GlobalSection(ProjectConfigurationPlatforms) = postSolution
		{2D6E2979-F279-468C-9383-01737B02651B}.Debug|Any CPU.ActiveCfg = Debug|Any CPU
		{2D6E2979-F279-468C-9383-01737B02651B}.Debug|Any CPU.Build.0 = Debug|Any CPU
		{2D6E2979-F279-468C-9383-01737B02651B}.Release|Any CPU.ActiveCfg = Release|Any CPU
		{2D6E2979-F279-468C-9383-01737B02651B}.Release|Any CPU.Build.0 = Release|Any CPU
	EndGlobalSection
	GlobalSection(SolutionProperties) = preSolution
		HideSolutionNode = FALSE
	EndGlobalSection
	GlobalSection(ExtensibilityGlobals) = postSolution
		SolutionGuid = {1F4AEFAE-F294-41A6-A521-75CC7E61998E}
	EndGlobalSection
EndGlobal
